PODS:
  - Cartography (2.0.0)
  - SwiftyJSON (3.1.4)

DEPENDENCIES:
  - Cartography
  - SwiftyJSON

SPEC CHECKSUMS:
  Cartography: d295eb25ab54bb57eecd8c2f04e9648c850f1281
  SwiftyJSON: c2842d878f95482ffceec5709abc3d05680c0220

PODFILE CHECKSUM: 4f97e9db9a430803673b89c4477311dd52c397ff

COCOAPODS: 1.2.1
